
Microsoft Visual Studio Solution File, Format Version 12.00
# Visual Studio Version 16
VisualStudioVersion = 16.0.30503.244
MinimumVisualStudioVersion = 10.0.40219.1
Project("{9A19103F-16F7-4668-BE54-9A1E7A4F7556}") = "Computer-Support-Info", "Computer-Support-Info.csproj", "{B2205BD9-2EBA-488F-B967-8AEA40F25E1F}"
EndProject
Project("{C7167F0D-BC9F-4E6E-AFE1-012C56B48DB5}") = "CSI-MSIX", "MSIX\CSI-MSIX\CSI-MSIX.wapproj", "{69B1E08F-543C-49DF-8BB9-72D790214005}"
EndProject
Project("{840C416C-B8F3-42BC-B0DD-F6BB14C9F8CB}") = "Installer", "Installer\Installer\Installer.aiproj", "{A54206EF-3DEF-41BD-921F-03F4BBDE15B5}"
EndProject
Global
	GlobalSection(SolutionConfigurationPlatforms) = preSolution
		All|Any CPU = All|Any CPU
		All|ARM = All|ARM
		All|ARM64 = All|ARM64
		All|x64 = All|x64
		All|x86 = All|x86
		Debug|Any CPU = Debug|Any CPU
		Debug|ARM = Debug|ARM
		Debug|ARM64 = Debug|ARM64
		Debug|x64 = Debug|x64
		Debug|x86 = Debug|x86
		Release|Any CPU = Release|Any CPU
		Release|ARM = Release|ARM
		Release|ARM64 = Release|ARM64
		Release|x64 = Release|x64
		Release|x86 = Release|x86
	EndGlobalSection
	GlobalSection(ProjectConfigurationPlatforms) = postSolution
		{B2205BD9-2EBA-488F-B967-8AEA40F25E1F}.All|Any CPU.ActiveCfg = Release|Any CPU
		{B2205BD9-2EBA-488F-B967-8AEA40F25E1F}.All|Any CPU.Build.0 = Release|Any CPU
		{B2205BD9-2EBA-488F-B967-8AEA40F25E1F}.All|ARM.ActiveCfg = Release|Any CPU
		{B2205BD9-2EBA-488F-B967-8AEA40F25E1F}.All|ARM.Build.0 = Release|Any CPU
		{B2205BD9-2EBA-488F-B967-8AEA40F25E1F}.All|ARM64.ActiveCfg = Release|Any CPU
		{B2205BD9-2EBA-488F-B967-8AEA40F25E1F}.All|ARM64.Build.0 = Release|Any CPU
		{B2205BD9-2EBA-488F-B967-8AEA40F25E1F}.All|x64.ActiveCfg = Release|Any CPU
		{B2205BD9-2EBA-488F-B967-8AEA40F25E1F}.All|x64.Build.0 = Release|Any CPU
		{B2205BD9-2EBA-488F-B967-8AEA40F25E1F}.All|x86.ActiveCfg = Release|Any CPU
		{B2205BD9-2EBA-488F-B967-8AEA40F25E1F}.All|x86.Build.0 = Release|Any CPU
		{B2205BD9-2EBA-488F-B967-8AEA40F25E1F}.Debug|Any CPU.ActiveCfg = Debug|Any CPU
		{B2205BD9-2EBA-488F-B967-8AEA40F25E1F}.Debug|Any CPU.Build.0 = Debug|Any CPU
		{B2205BD9-2EBA-488F-B967-8AEA40F25E1F}.Debug|ARM.ActiveCfg = Debug|Any CPU
		{B2205BD9-2EBA-488F-B967-8AEA40F25E1F}.Debug|ARM.Build.0 = Debug|Any CPU
		{B2205BD9-2EBA-488F-B967-8AEA40F25E1F}.Debug|ARM64.ActiveCfg = Debug|Any CPU
		{B2205BD9-2EBA-488F-B967-8AEA40F25E1F}.Debug|ARM64.Build.0 = Debug|Any CPU
		{B2205BD9-2EBA-488F-B967-8AEA40F25E1F}.Debug|x64.ActiveCfg = Debug|Any CPU
		{B2205BD9-2EBA-488F-B967-8AEA40F25E1F}.Debug|x64.Build.0 = Debug|Any CPU
		{B2205BD9-2EBA-488F-B967-8AEA40F25E1F}.Debug|x86.ActiveCfg = Debug|Any CPU
		{B2205BD9-2EBA-488F-B967-8AEA40F25E1F}.Debug|x86.Build.0 = Debug|Any CPU
		{B2205BD9-2EBA-488F-B967-8AEA40F25E1F}.Release|Any CPU.ActiveCfg = Release|Any CPU
		{B2205BD9-2EBA-488F-B967-8AEA40F25E1F}.Release|Any CPU.Build.0 = Release|Any CPU
		{B2205BD9-2EBA-488F-B967-8AEA40F25E1F}.Release|ARM.ActiveCfg = Release|Any CPU
		{B2205BD9-2EBA-488F-B967-8AEA40F25E1F}.Release|ARM.Build.0 = Release|Any CPU
		{B2205BD9-2EBA-488F-B967-8AEA40F25E1F}.Release|ARM64.ActiveCfg = Release|Any CPU
		{B2205BD9-2EBA-488F-B967-8AEA40F25E1F}.Release|ARM64.Build.0 = Release|Any CPU
		{B2205BD9-2EBA-488F-B967-8AEA40F25E1F}.Release|x64.ActiveCfg = Release|Any CPU
		{B2205BD9-2EBA-488F-B967-8AEA40F25E1F}.Release|x64.Build.0 = Release|Any CPU
		{B2205BD9-2EBA-488F-B967-8AEA40F25E1F}.Release|x86.ActiveCfg = Release|Any CPU
		{B2205BD9-2EBA-488F-B967-8AEA40F25E1F}.Release|x86.Build.0 = Release|Any CPU
		{69B1E08F-543C-49DF-8BB9-72D790214005}.All|Any CPU.ActiveCfg = Release|Any CPU
		{69B1E08F-543C-49DF-8BB9-72D790214005}.All|Any CPU.Build.0 = Release|Any CPU
		{69B1E08F-543C-49DF-8BB9-72D790214005}.All|Any CPU.Deploy.0 = Release|Any CPU
		{69B1E08F-543C-49DF-8BB9-72D790214005}.All|ARM.ActiveCfg = Release|ARM
		{69B1E08F-543C-49DF-8BB9-72D790214005}.All|ARM.Build.0 = Release|ARM
		{69B1E08F-543C-49DF-8BB9-72D790214005}.All|ARM.Deploy.0 = Release|ARM
		{69B1E08F-543C-49DF-8BB9-72D790214005}.All|ARM64.ActiveCfg = Release|ARM64
		{69B1E08F-543C-49DF-8BB9-72D790214005}.All|ARM64.Build.0 = Release|ARM64
		{69B1E08F-543C-49DF-8BB9-72D790214005}.All|ARM64.Deploy.0 = Release|ARM64
		{69B1E08F-543C-49DF-8BB9-72D790214005}.All|x64.ActiveCfg = Release|x64
		{69B1E08F-543C-49DF-8BB9-72D790214005}.All|x64.Build.0 = Release|x64
		{69B1E08F-543C-49DF-8BB9-72D790214005}.All|x64.Deploy.0 = Release|x64
		{69B1E08F-543C-49DF-8BB9-72D790214005}.All|x86.ActiveCfg = Release|x86
		{69B1E08F-543C-49DF-8BB9-72D790214005}.All|x86.Build.0 = Release|x86
		{69B1E08F-543C-49DF-8BB9-72D790214005}.All|x86.Deploy.0 = Release|x86
		{69B1E08F-543C-49DF-8BB9-72D790214005}.Debug|Any CPU.ActiveCfg = Debug|Any CPU
		{69B1E08F-543C-49DF-8BB9-72D790214005}.Debug|Any CPU.Build.0 = Debug|Any CPU
		{69B1E08F-543C-49DF-8BB9-72D790214005}.Debug|Any CPU.Deploy.0 = Debug|Any CPU
		{69B1E08F-543C-49DF-8BB9-72D790214005}.Debug|ARM.ActiveCfg = Debug|ARM
		{69B1E08F-543C-49DF-8BB9-72D790214005}.Debug|ARM.Build.0 = Debug|ARM
		{69B1E08F-543C-49DF-8BB9-72D790214005}.Debug|ARM.Deploy.0 = Debug|ARM
		{69B1E08F-543C-49DF-8BB9-72D790214005}.Debug|ARM64.ActiveCfg = Debug|ARM64
		{69B1E08F-543C-49DF-8BB9-72D790214005}.Debug|ARM64.Build.0 = Debug|ARM64
		{69B1E08F-543C-49DF-8BB9-72D790214005}.Debug|ARM64.Deploy.0 = Debug|ARM64
		{69B1E08F-543C-49DF-8BB9-72D790214005}.Debug|x64.ActiveCfg = Debug|x64
		{69B1E08F-543C-49DF-8BB9-72D790214005}.Debug|x64.Build.0 = Debug|x64
		{69B1E08F-543C-49DF-8BB9-72D790214005}.Debug|x64.Deploy.0 = Debug|x64
		{69B1E08F-543C-49DF-8BB9-72D790214005}.Debug|x86.ActiveCfg = Debug|x86
		{69B1E08F-543C-49DF-8BB9-72D790214005}.Debug|x86.Build.0 = Debug|x86
		{69B1E08F-543C-49DF-8BB9-72D790214005}.Debug|x86.Deploy.0 = Debug|x86
		{69B1E08F-543C-49DF-8BB9-72D790214005}.Release|Any CPU.ActiveCfg = Release|Any CPU
		{69B1E08F-543C-49DF-8BB9-72D790214005}.Release|Any CPU.Build.0 = Release|Any CPU
		{69B1E08F-543C-49DF-8BB9-72D790214005}.Release|Any CPU.Deploy.0 = Release|Any CPU
		{69B1E08F-543C-49DF-8BB9-72D790214005}.Release|ARM.ActiveCfg = Release|ARM
		{69B1E08F-543C-49DF-8BB9-72D790214005}.Release|ARM.Build.0 = Release|ARM
		{69B1E08F-543C-49DF-8BB9-72D790214005}.Release|ARM.Deploy.0 = Release|ARM
		{69B1E08F-543C-49DF-8BB9-72D790214005}.Release|ARM64.ActiveCfg = Release|ARM64
		{69B1E08F-543C-49DF-8BB9-72D790214005}.Release|ARM64.Build.0 = Release|ARM64
		{69B1E08F-543C-49DF-8BB9-72D790214005}.Release|ARM64.Deploy.0 = Release|ARM64
		{69B1E08F-543C-49DF-8BB9-72D790214005}.Release|x64.ActiveCfg = Release|x64
		{69B1E08F-543C-49DF-8BB9-72D790214005}.Release|x64.Build.0 = Release|x64
		{69B1E08F-543C-49DF-8BB9-72D790214005}.Release|x64.Deploy.0 = Release|x64
		{69B1E08F-543C-49DF-8BB9-72D790214005}.Release|x86.ActiveCfg = Release|x86
		{69B1E08F-543C-49DF-8BB9-72D790214005}.Release|x86.Build.0 = Release|x86
		{69B1E08F-543C-49DF-8BB9-72D790214005}.Release|x86.Deploy.0 = Release|x86
		{A54206EF-3DEF-41BD-921F-03F4BBDE15B5}.All|Any CPU.ActiveCfg = DefaultBuild
		{A54206EF-3DEF-41BD-921F-03F4BBDE15B5}.All|ARM.ActiveCfg = DefaultBuild
		{A54206EF-3DEF-41BD-921F-03F4BBDE15B5}.All|ARM64.ActiveCfg = DefaultBuild
		{A54206EF-3DEF-41BD-921F-03F4BBDE15B5}.All|x64.ActiveCfg = DefaultBuild
		{A54206EF-3DEF-41BD-921F-03F4BBDE15B5}.All|x86.ActiveCfg = DefaultBuild
		{A54206EF-3DEF-41BD-921F-03F4BBDE15B5}.Debug|Any CPU.ActiveCfg = DefaultBuild
		{A54206EF-3DEF-41BD-921F-03F4BBDE15B5}.Debug|ARM.ActiveCfg = DefaultBuild
		{A54206EF-3DEF-41BD-921F-03F4BBDE15B5}.Debug|ARM64.ActiveCfg = DefaultBuild
		{A54206EF-3DEF-41BD-921F-03F4BBDE15B5}.Debug|x64.ActiveCfg = DefaultBuild
		{A54206EF-3DEF-41BD-921F-03F4BBDE15B5}.Debug|x86.ActiveCfg = DefaultBuild
		{A54206EF-3DEF-41BD-921F-03F4BBDE15B5}.Release|Any CPU.ActiveCfg = DefaultBuild
		{A54206EF-3DEF-41BD-921F-03F4BBDE15B5}.Release|ARM.ActiveCfg = DefaultBuild
		{A54206EF-3DEF-41BD-921F-03F4BBDE15B5}.Release|ARM64.ActiveCfg = DefaultBuild
		{A54206EF-3DEF-41BD-921F-03F4BBDE15B5}.Release|x64.ActiveCfg = DefaultBuild
		{A54206EF-3DEF-41BD-921F-03F4BBDE15B5}.Release|x86.ActiveCfg = DefaultBuild
	EndGlobalSection
	GlobalSection(SolutionProperties) = preSolution
		HideSolutionNode = FALSE
	EndGlobalSection
	GlobalSection(ExtensibilityGlobals) = postSolution
		SolutionGuid = {833DE2B0-3CEE-4D41-9AB6-56761976D3D6}
	EndGlobalSection
EndGlobal
